// !$*UTF8*$!
{
	archiveVersion = 1;
	classes = {
	};
	objectVersion = 56;
	objects = {

/* Begin PBXBuildFile section */
		81E56DA6292D2889003B6241 /* main 2.cpp in Sources */ = {isa = PBXBuildFile; fileRef = 81E56DA5292D2889003B6241 /* main 2.cpp */; };
		81E7AF28292A97DD00645B17 /* main.cpp in Sources */ = {isa = PBXBuildFile; fileRef = 81E7AF27292A97DD00645B17 /* main.cpp */; };
		81E7AF32292A988B00645B17 /* SegmentPeriodMgr_c.cpp in Sources */ = {isa = PBXBuildFile; fileRef = 81E7AF2E292A988B00645B17 /* SegmentPeriodMgr_c.cpp */; };
		81E7AF33292A988B00645B17 /* SegmentPeriod_c.cpp in Sources */ = {isa = PBXBuildFile; fileRef = 81E7AF31292A988B00645B17 /* SegmentPeriod_c.cpp */; };
/* End PBXBuildFile section */

/* Begin PBXCopyFilesBuildPhase section */
		81E7AF22292A97DD00645B17 /* CopyFiles */ = {
			isa = PBXCopyFilesBuildPhase;
			buildActionMask = 2147483647;
			dstPath = /usr/share/man/man1/;
			dstSubfolderSpec = 0;
			files = (
			);
			runOnlyForDeploymentPostprocessing = 1;
		};
/* End PBXCopyFilesBuildPhase section */

/* Begin PBXFileReference section */
		81E56DA5292D2889003B6241 /* main 2.cpp */ = {isa = PBXFileReference; fileEncoding = 4; lastKnownFileType = sourcecode.cpp.cpp; name = "main 2.cpp"; path = "TechnicalTest/main 2.cpp"; sourceTree = "<group>"; };
		81E7AF24292A97DD00645B17 /* TechnicalTest */ = {isa = PBXFileReference; explicitFileType = "compiled.mach-o.executable"; includeInIndex = 0; path = TechnicalTest; sourceTree = BUILT_PRODUCTS_DIR; };
		81E7AF27292A97DD00645B17 /* main.cpp */ = {isa = PBXFileReference; lastKnownFileType = sourcecode.cpp.cpp; path = main.cpp; sourceTree = "<group>"; };
		81E7AF2E292A988B00645B17 /* SegmentPeriodMgr_c.cpp */ = {isa = PBXFileReference; fileEncoding = 4; lastKnownFileType = sourcecode.cpp.cpp; path = SegmentPeriodMgr_c.cpp; sourceTree = "<group>"; };
		81E7AF2F292A988B00645B17 /* SegmentMgr_c.hpp */ = {isa = PBXFileReference; fileEncoding = 4; lastKnownFileType = sourcecode.cpp.h; path = SegmentMgr_c.hpp; sourceTree = "<group>"; };
		81E7AF30292A988B00645B17 /* SegmentPeriod_c.hpp */ = {isa = PBXFileReference; fileEncoding = 4; lastKnownFileType = sourcecode.cpp.h; path = SegmentPeriod_c.hpp; sourceTree = "<group>"; };
		81E7AF31292A988B00645B17 /* SegmentPeriod_c.cpp */ = {isa = PBXFileReference; fileEncoding = 4; lastKnownFileType = sourcecode.cpp.cpp; path = SegmentPeriod_c.cpp; sourceTree = "<group>"; };
/* End PBXFileReference section */

/* Begin PBXFrameworksBuildPhase section */
		81E7AF21292A97DD00645B17 /* Frameworks */ = {
			isa = PBXFrameworksBuildPhase;
			buildActionMask = 2147483647;
			files = (
			);
			runOnlyForDeploymentPostprocessing = 0;
		};
/* End PBXFrameworksBuildPhase section */

/* Begin PBXGroup section */
		81E7AF1B292A97DC00645B17 = {
			isa = PBXGroup;
			children = (
				81E56DA5292D2889003B6241 /* main 2.cpp */,
				81E7AF26292A97DD00645B17 /* TechnicalTest */,
				81E7AF25292A97DD00645B17 /* Products */,
			);
			sourceTree = "<group>";
		};
		81E7AF25292A97DD00645B17 /* Products */ = {
			isa = PBXGroup;
			children = (
				81E7AF24292A97DD00645B17 /* TechnicalTest */,
			);
			name = Products;
			sourceTree = "<group>";
		};
		81E7AF26292A97DD00645B17 /* TechnicalTest */ = {
			isa = PBXGroup;
			children = (
				81E7AF2F292A988B00645B17 /* SegmentMgr_c.hpp */,
				81E7AF31292A988B00645B17 /* SegmentPeriod_c.cpp */,
				81E7AF30292A988B00645B17 /* SegmentPeriod_c.hpp */,
				81E7AF2E292A988B00645B17 /* SegmentPeriodMgr_c.cpp */,
				81E7AF27292A97DD00645B17 /* main.cpp */,
			);
			path = TechnicalTest;
			sourceTree = "<group>";
		};
/* End PBXGroup section */

/* Begin PBXNativeTarget section */
		81E7AF23292A97DD00645B17 /* TechnicalTest */ = {
			isa = PBXNativeTarget;
			buildConfigurationList = 81E7AF2B292A97DD00645B17 /* Build configuration list for PBXNativeTarget "TechnicalTest" */;
			buildPhases = (
				81E7AF20292A97DD00645B17 /* Sources */,
				81E7AF21292A97DD00645B17 /* Frameworks */,
				81E7AF22292A97DD00645B17 /* CopyFiles */,
			);
			buildRules = (
			);
			dependencies = (
			);
			name = TechnicalTest;
			productName = TechnicalTest;
			productReference = 81E7AF24292A97DD00645B17 /* TechnicalTest */;
			productType = "com.apple.product-type.tool";
		};
/* End PBXNativeTarget section */

/* Begin PBXProject section */
		81E7AF1C292A97DD00645B17 /* Project object */ = {
			isa = PBXProject;
			attributes = {
				BuildIndependentTargetsInParallel = 1;
				LastUpgradeCheck = 1410;
				TargetAttributes = {
					81E7AF23292A97DD00645B17 = {
						CreatedOnToolsVersion = 14.1;
					};
				};
			};
			buildConfigurationList = 81E7AF1F292A97DD00645B17 /* Build configuration list for PBXProject "TechnicalTest" */;
			compatibilityVersion = "Xcode 14.0";
			developmentRegion = en;
			hasScannedForEncodings = 0;
			knownRegions = (
				en,
				Base,
			);
			mainGroup = 81E7AF1B292A97DC00645B17;
			productRefGroup = 81E7AF25292A97DD00645B17 /* Products */;
			projectDirPath = "";
			projectRoot = "";
			targets = (
				81E7AF23292A97DD00645B17 /* TechnicalTest */,
			);
		};
/* End PBXProject section */

/* Begin PBXSourcesBuildPhase section */
		81E7AF20292A97DD00645B17 /* Sources */ = {
			isa = PBXSourcesBuildPhase;
			buildActionMask = 2147483647;
			files = (
				81E7AF28292A97DD00645B17 /* main.cpp in Sources */,
				81E7AF33292A988B00645B17 /* SegmentPeriod_c.cpp in Sources */,
				81E56DA6292D2889003B6241 /* main 2.cpp in Sources */,
				81E7AF32292A988B00645B17 /* SegmentPeriodMgr_c.cpp in Sources */,
			);
			runOnlyForDeploymentPostprocessing = 0;
		};
/* End PBXSourcesBuildPhase section */

/* Begin XCBuildConfiguration section */
		81E7AF29292A97DD00645B17 /* Debug */ = {
			isa = XCBuildConfiguration;
			buildSettings = {
				ALWAYS_SEARCH_USER_PATHS = NO;
				CLANG_ANALYZER_NONNULL = YES;
				CLANG_ANALYZER_NUMBER_OBJECT_CONVERSION = YES_AGGRESSIVE;
				CLANG_CXX_LANGUAGE_STANDARD = "gnu++20";
				CLANG_ENABLE_MODULES = YES;
				CLANG_ENABLE_OBJC_ARC = YES;
				CLANG_ENABLE_OBJC_WEAK = YES;
				CLANG_WARN_BLOCK_CAPTURE_AUTORELEASING = YES;
				CLANG_WARN_BOOL_CONVERSION = YES;
				CLANG_WARN_COMMA = YES;
				CLANG_WARN_CONSTANT_CONVERSION = YES;
				CLANG_WARN_DEPRECATED_OBJC_IMPLEMENTATIONS = YES;
				CLANG_WARN_DIRECT_OBJC_ISA_USAGE = YES_ERROR;
				CLANG_WARN_DOCUMENTATION_COMMENTS = YES;
				CLANG_WARN_EMPTY_BODY = YES;
				CLANG_WARN_ENUM_CONVERSION = YES;
				CLANG_WARN_INFINITE_RECURSION = YES;
				CLANG_WARN_INT_CONVERSION = YES;
				CLANG_WARN_NON_LITERAL_NULL_CONVERSION = YES;
				CLANG_WARN_OBJC_IMPLICIT_RETAIN_SELF = YES;
				CLANG_WARN_OBJC_LITERAL_CONVERSION = YES;
				CLANG_WARN_OBJC_ROOT_CLASS = YES_ERROR;
				CLANG_WARN_QUOTED_INCLUDE_IN_FRAMEWORK_HEADER = YES;
				CLANG_WARN_RANGE_LOOP_ANALYSIS = YES;
				CLANG_WARN_STRICT_PROTOTYPES = YES;
				CLANG_WARN_SUSPICIOUS_MOVE = YES;
				CLANG_WARN_UNGUARDED_AVAILABILITY = YES_AGGRESSIVE;
				CLANG_WARN_UNREACHABLE_CODE = YES;
				CLANG_WARN__DUPLICATE_METHOD_MATCH = YES;
				COPY_PHASE_STRIP = NO;
				DEBUG_INFORMATION_FORMAT = dwarf;
				ENABLE_STRICT_OBJC_MSGSEND = YES;
				ENABLE_TESTABILITY = YES;
				GCC_C_LANGUAGE_STANDARD = gnu11;
				GCC_DYNAMIC_NO_PIC = NO;
				GCC_NO_COMMON_BLOCKS = YES;
				GCC_OPTIMIZATION_LEVEL = 0;
				GCC_PREPROCESSOR_DEFINITIONS = (
					"DEBUG=1",
					"$(inherited)",
				);
				GCC_WARN_64_TO_32_BIT_CONVERSION = YES;
				GCC_WARN_ABOUT_RETURN_TYPE = YES_ERROR;
				GCC_WARN_UNDECLARED_SELECTOR = YES;
				GCC_WARN_UNINITIALIZED_AUTOS = YES_AGGRESSIVE;
				GCC_WARN_UNUSED_FUNCTION = YES;
				GCC_WARN_UNUSED_VARIABLE = YES;
				MACOSX_DEPLOYMENT_TARGET = 12.6;
				MTL_ENABLE_DEBUG_INFO = INCLUDE_SOURCE;
				MTL_FAST_MATH = YES;
				ONLY_ACTIVE_ARCH = YES;
				SDKROOT = macosx;
			};
			name = Debug;
		};
		81E7AF2A292A97DD00645B17 /* Release */ = {
			isa = XCBuildConfiguration;
			buildSettings = {
				ALWAYS_SEARCH_USER_PATHS = NO;
				CLANG_ANALYZER_NONNULL = YES;
				CLANG_ANALYZER_NUMBER_OBJECT_CONVERSION = YES_AGGRESSIVE;
				CLANG_CXX_LANGUAGE_STANDARD = "gnu++20";
				CLANG_ENABLE_MODULES = YES;
				CLANG_ENABLE_OBJC_ARC = YES;
				CLANG_ENABLE_OBJC_WEAK = YES;
				CLANG_WARN_BLOCK_CAPTURE_AUTORELEASING = YES;
				CLANG_WARN_BOOL_CONVERSION = YES;
				CLANG_WARN_COMMA = YES;
				CLANG_WARN_CONSTANT_CONVERSION = YES;
				CLANG_WARN_DEPRECATED_OBJC_IMPLEMENTATIONS = YES;
				CLANG_WARN_DIRECT_OBJC_ISA_USAGE = YES_ERROR;
				CLANG_WARN_DOCUMENTATION_COMMENTS = YES;
				CLANG_WARN_EMPTY_BODY = YES;
				CLANG_WARN_ENUM_CONVERSION = YES;
				CLANG_WARN_INFINITE_RECURSION = YES;
				CLANG_WARN_INT_CONVERSION = YES;
				CLANG_WARN_NON_LITERAL_NULL_CONVERSION = YES;
				CLANG_WARN_OBJC_IMPLICIT_RETAIN_SELF = YES;
				CLANG_WARN_OBJC_LITERAL_CONVERSION = YES;
				CLANG_WARN_OBJC_ROOT_CLASS = YES_ERROR;
				CLANG_WARN_QUOTED_INCLUDE_IN_FRAMEWORK_HEADER = YES;
				CLANG_WARN_RANGE_LOOP_ANALYSIS = YES;
				CLANG_WARN_STRICT_PROTOTYPES = YES;
				CLANG_WARN_SUSPICIOUS_MOVE = YES;
				CLANG_WARN_UNGUARDED_AVAILABILITY = YES_AGGRESSIVE;
				CLANG_WARN_UNREACHABLE_CODE = YES;
				CLANG_WARN__DUPLICATE_METHOD_MATCH = YES;
				COPY_PHASE_STRIP = NO;
				DEBUG_INFORMATION_FORMAT = "dwarf-with-dsym";
				ENABLE_NS_ASSERTIONS = NO;
				ENABLE_STRICT_OBJC_MSGSEND = YES;
				GCC_C_LANGUAGE_STANDARD = gnu11;
				GCC_NO_COMMON_BLOCKS = YES;
				GCC_WARN_64_TO_32_BIT_CONVERSION = YES;
				GCC_WARN_ABOUT_RETURN_TYPE = YES_ERROR;
				GCC_WARN_UNDECLARED_SELECTOR = YES;
				GCC_WARN_UNINITIALIZED_AUTOS = YES_AGGRESSIVE;
				GCC_WARN_UNUSED_FUNCTION = YES;
				GCC_WARN_UNUSED_VARIABLE = YES;
				MACOSX_DEPLOYMENT_TARGET = 12.6;
				MTL_ENABLE_DEBUG_INFO = NO;
				MTL_FAST_MATH = YES;
				SDKROOT = macosx;
			};
			name = Release;
		};
		81E7AF2C292A97DD00645B17 /* Debug */ = {
			isa = XCBuildConfiguration;
			buildSettings = {
				CODE_SIGN_STYLE = Automatic;
				PRODUCT_NAME = "$(TARGET_NAME)";
			};
			name = Debug;
		};
		81E7AF2D292A97DD00645B17 /* Release */ = {
			isa = XCBuildConfiguration;
			buildSettings = {
				CODE_SIGN_STYLE = Automatic;
				PRODUCT_NAME = "$(TARGET_NAME)";
			};
			name = Release;
		};
/* End XCBuildConfiguration section */

/* Begin XCConfigurationList section */
		81E7AF1F292A97DD00645B17 /* Build configuration list for PBXProject "TechnicalTest" */ = {
			isa = XCConfigurationList;
			buildConfigurations = (
				81E7AF29292A97DD00645B17 /* Debug */,
				81E7AF2A292A97DD00645B17 /* Release */,
			);
			defaultConfigurationIsVisible = 0;
			defaultConfigurationName = Release;
		};
		81E7AF2B292A97DD00645B17 /* Build configuration list for PBXNativeTarget "TechnicalTest" */ = {
			isa = XCConfigurationList;
			buildConfigurations = (
				81E7AF2C292A97DD00645B17 /* Debug */,
				81E7AF2D292A97DD00645B17 /* Release */,
			);
			defaultConfigurationIsVisible = 0;
			defaultConfigurationName = Release;
		};
/* End XCConfigurationList section */
	};
	rootObject = 81E7AF1C292A97DD00645B17 /* Project object */;
}
